
Microsoft Visual Studio Solution File, Format Version 12.00
# Visual Studio 15
VisualStudioVersion = 15.0.27703.2047
MinimumVisualStudioVersion = 10.0.40219.1
Project("{FAE04EC0-301F-11D3-BF4B-00C04F79EFBC}") = "DataStructureLibrary", "DataStructureLibrary\DataStructureLibrary.csproj", "{63507EC3-36F1-4A8B-8F90-ED7E56547002}"
EndProject
Project("{FAE04EC0-301F-11D3-BF4B-00C04F79EFBC}") = "DataStructureTests", "DataStructureTests\DataStructureTests.csproj", "{3B7CB512-0362-41BB-AF31-3F94F47F650C}"
EndProject
Global
	GlobalSection(SolutionConfigurationPlatforms) = preSolution
		Debug|Any CPU = Debug|Any CPU
		Release|Any CPU = Release|Any CPU
	EndGlobalSection
	GlobalSection(ProjectConfigurationPlatforms) = postSolution
		{63507EC3-36F1-4A8B-8F90-ED7E56547002}.Debug|Any CPU.ActiveCfg = Debug|Any CPU
		{63507EC3-36F1-4A8B-8F90-ED7E56547002}.Debug|Any CPU.Build.0 = Debug|Any CPU
		{63507EC3-36F1-4A8B-8F90-ED7E56547002}.Release|Any CPU.ActiveCfg = Release|Any CPU
		{63507EC3-36F1-4A8B-8F90-ED7E56547002}.Release|Any CPU.Build.0 = Release|Any CPU
		{3B7CB512-0362-41BB-AF31-3F94F47F650C}.Debug|Any CPU.ActiveCfg = Debug|Any CPU
		{3B7CB512-0362-41BB-AF31-3F94F47F650C}.Debug|Any CPU.Build.0 = Debug|Any CPU
		{3B7CB512-0362-41BB-AF31-3F94F47F650C}.Release|Any CPU.ActiveCfg = Release|Any CPU
		{3B7CB512-0362-41BB-AF31-3F94F47F650C}.Release|Any CPU.Build.0 = Release|Any CPU
	EndGlobalSection
	GlobalSection(SolutionProperties) = preSolution
		HideSolutionNode = FALSE
	EndGlobalSection
	GlobalSection(ExtensibilityGlobals) = postSolution
		SolutionGuid = {DAFBAE6A-AB0A-490C-A814-35FE7E31B3EB}
	EndGlobalSection
EndGlobal
